// !$*UTF8*$!
{
	archiveVersion = 1;
	classes = {
	};
	objectVersion = 46;
	objects = {

/* Begin PBXBuildFile section */
		BB031FCA130BD77800350873 /* Cocoa.framework in Frameworks */ = {isa = PBXBuildFile; fileRef = BB031FC9130BD77800350873 /* Cocoa.framework */; };
		BB031FD4130BD77800350873 /* InfoPlist.strings in Resources */ = {isa = PBXBuildFile; fileRef = BB031FD2130BD77800350873 /* InfoPlist.strings */; };
		BB031FD7130BD77800350873 /* main.m in Sources */ = {isa = PBXBuildFile; fileRef = BB031FD6130BD77800350873 /* main.m */; };
		BB031FDA130BD77800350873 /* Credits.rtf in Resources */ = {isa = PBXBuildFile; fileRef = BB031FD8130BD77800350873 /* Credits.rtf */; };
		BB031FDD130BD77800350873 /* FlickrLinksAppDelegate.m in Sources */ = {isa = PBXBuildFile; fileRef = BB031FDC130BD77800350873 /* FlickrLinksAppDelegate.m */; };
		BB031FE0130BD77800350873 /* MainMenu.xib in Resources */ = {isa = PBXBuildFile; fileRef = BB031FDE130BD77800350873 /* MainMenu.xib */; };
		BB031FE8130BDB2B00350873 /* FlickrLinksController.m in Sources */ = {isa = PBXBuildFile; fileRef = BB031FE7130BDB2B00350873 /* FlickrLinksController.m */; };
		BB031FF1130BDB8B00350873 /* FlickrPhoto.m in Sources */ = {isa = PBXBuildFile; fileRef = BB031FF0130BDB8B00350873 /* FlickrPhoto.m */; };
		BB0BDEC6132022F700CD571A /* NSData+Base64.m in Sources */ = {isa = PBXBuildFile; fileRef = BB0BDEAF132022F700CD571A /* NSData+Base64.m */; };
		BB0BDEC7132022F700CD571A /* NSDictionary+OAuthAdditions.m in Sources */ = {isa = PBXBuildFile; fileRef = BB0BDEB1132022F700CD571A /* NSDictionary+OAuthAdditions.m */; };
		BB0BDEC8132022F700CD571A /* NSMutableURLRequest+OAuthAdditions.m in Sources */ = {isa = PBXBuildFile; fileRef = BB0BDEB3132022F700CD571A /* NSMutableURLRequest+OAuthAdditions.m */; };
		BB0BDEC9132022F700CD571A /* NSString+OAuthAdditions.m in Sources */ = {isa = PBXBuildFile; fileRef = BB0BDEB5132022F700CD571A /* NSString+OAuthAdditions.m */; };
		BB0BDECA132022F700CD571A /* NSURL+OAuthAdditions.m in Sources */ = {isa = PBXBuildFile; fileRef = BB0BDEB7132022F700CD571A /* NSURL+OAuthAdditions.m */; };
		BB0BDECB132022F700CD571A /* OAuthConsumer.m in Sources */ = {isa = PBXBuildFile; fileRef = BB0BDEBA132022F700CD571A /* OAuthConsumer.m */; };
		BB0BDECC132022F700CD571A /* OAuthParameter.m in Sources */ = {isa = PBXBuildFile; fileRef = BB0BDEBC132022F700CD571A /* OAuthParameter.m */; };
		BB0BDECD132022F700CD571A /* OAuthRequest.m in Sources */ = {isa = PBXBuildFile; fileRef = BB0BDEBE132022F700CD571A /* OAuthRequest.m */; };
		BB0BDECE132022F700CD571A /* OAuthRequestFetcher.m in Sources */ = {isa = PBXBuildFile; fileRef = BB0BDEC0132022F700CD571A /* OAuthRequestFetcher.m */; };
		BB0BDECF132022F700CD571A /* OAuthSignerHMAC.m in Sources */ = {isa = PBXBuildFile; fileRef = BB0BDEC2132022F700CD571A /* OAuthSignerHMAC.m */; };
		BB0BDED0132022F700CD571A /* OAuthToken.m in Sources */ = {isa = PBXBuildFile; fileRef = BB0BDEC5132022F700CD571A /* OAuthToken.m */; };
		BB0BDED3132023D700CD571A /* FlickrAPIResponse.m in Sources */ = {isa = PBXBuildFile; fileRef = BB0BDED2132023D700CD571A /* FlickrAPIResponse.m */; };
/* End PBXBuildFile section */

/* Begin PBXFileReference section */
		BB031FC5130BD77800350873 /* FlickrLinks.app */ = {isa = PBXFileReference; explicitFileType = wrapper.application; includeInIndex = 0; path = FlickrLinks.app; sourceTree = BUILT_PRODUCTS_DIR; };
		BB031FC9130BD77800350873 /* Cocoa.framework */ = {isa = PBXFileReference; lastKnownFileType = wrapper.framework; name = Cocoa.framework; path = System/Library/Frameworks/Cocoa.framework; sourceTree = SDKROOT; };
		BB031FCC130BD77800350873 /* AppKit.framework */ = {isa = PBXFileReference; lastKnownFileType = wrapper.framework; name = AppKit.framework; path = System/Library/Frameworks/AppKit.framework; sourceTree = SDKROOT; };
		BB031FCD130BD77800350873 /* CoreData.framework */ = {isa = PBXFileReference; lastKnownFileType = wrapper.framework; name = CoreData.framework; path = System/Library/Frameworks/CoreData.framework; sourceTree = SDKROOT; };
		BB031FCE130BD77800350873 /* Foundation.framework */ = {isa = PBXFileReference; lastKnownFileType = wrapper.framework; name = Foundation.framework; path = System/Library/Frameworks/Foundation.framework; sourceTree = SDKROOT; };
		BB031FD1130BD77800350873 /* FlickrLinks-Info.plist */ = {isa = PBXFileReference; lastKnownFileType = text.plist.xml; path = "FlickrLinks-Info.plist"; sourceTree = "<group>"; };
		BB031FD3130BD77800350873 /* en */ = {isa = PBXFileReference; lastKnownFileType = text.plist.strings; name = en; path = en.lproj/InfoPlist.strings; sourceTree = "<group>"; };
		BB031FD5130BD77800350873 /* FlickrLinks-Prefix.pch */ = {isa = PBXFileReference; lastKnownFileType = sourcecode.c.h; path = "FlickrLinks-Prefix.pch"; sourceTree = "<group>"; };
		BB031FD6130BD77800350873 /* main.m */ = {isa = PBXFileReference; lastKnownFileType = sourcecode.c.objc; path = main.m; sourceTree = "<group>"; };
		BB031FD9130BD77800350873 /* en */ = {isa = PBXFileReference; lastKnownFileType = text.rtf; name = en; path = en.lproj/Credits.rtf; sourceTree = "<group>"; };
		BB031FDB130BD77800350873 /* FlickrLinksAppDelegate.h */ = {isa = PBXFileReference; lastKnownFileType = sourcecode.c.h; path = FlickrLinksAppDelegate.h; sourceTree = "<group>"; };
		BB031FDC130BD77800350873 /* FlickrLinksAppDelegate.m */ = {isa = PBXFileReference; lastKnownFileType = sourcecode.c.objc; path = FlickrLinksAppDelegate.m; sourceTree = "<group>"; };
		BB031FDF130BD77800350873 /* en */ = {isa = PBXFileReference; lastKnownFileType = file.xib; name = en; path = en.lproj/MainMenu.xib; sourceTree = "<group>"; };
		BB031FE6130BDB2B00350873 /* FlickrLinksController.h */ = {isa = PBXFileReference; fileEncoding = 4; lastKnownFileType = sourcecode.c.h; name = FlickrLinksController.h; path = Source/FlickrLinksController.h; sourceTree = SOURCE_ROOT; };
		BB031FE7130BDB2B00350873 /* FlickrLinksController.m */ = {isa = PBXFileReference; fileEncoding = 4; lastKnownFileType = sourcecode.c.objc; name = FlickrLinksController.m; path = Source/FlickrLinksController.m; sourceTree = SOURCE_ROOT; };
		BB031FEF130BDB8B00350873 /* FlickrPhoto.h */ = {isa = PBXFileReference; fileEncoding = 4; lastKnownFileType = sourcecode.c.h; name = FlickrPhoto.h; path = Source/Flickr/FlickrPhoto.h; sourceTree = SOURCE_ROOT; };
		BB031FF0130BDB8B00350873 /* FlickrPhoto.m */ = {isa = PBXFileReference; fileEncoding = 4; lastKnownFileType = sourcecode.c.objc; name = FlickrPhoto.m; path = Source/Flickr/FlickrPhoto.m; sourceTree = SOURCE_ROOT; };
		BB0BDEAE132022F700CD571A /* NSData+Base64.h */ = {isa = PBXFileReference; fileEncoding = 4; lastKnownFileType = sourcecode.c.h; path = "NSData+Base64.h"; sourceTree = "<group>"; };
		BB0BDEAF132022F700CD571A /* NSData+Base64.m */ = {isa = PBXFileReference; fileEncoding = 4; lastKnownFileType = sourcecode.c.objc; path = "NSData+Base64.m"; sourceTree = "<group>"; };
		BB0BDEB0132022F700CD571A /* NSDictionary+OAuthAdditions.h */ = {isa = PBXFileReference; fileEncoding = 4; lastKnownFileType = sourcecode.c.h; path = "NSDictionary+OAuthAdditions.h"; sourceTree = "<group>"; };
		BB0BDEB1132022F700CD571A /* NSDictionary+OAuthAdditions.m */ = {isa = PBXFileReference; fileEncoding = 4; lastKnownFileType = sourcecode.c.objc; path = "NSDictionary+OAuthAdditions.m"; sourceTree = "<group>"; };
		BB0BDEB2132022F700CD571A /* NSMutableURLRequest+OAuthAdditions.h */ = {isa = PBXFileReference; fileEncoding = 4; lastKnownFileType = sourcecode.c.h; path = "NSMutableURLRequest+OAuthAdditions.h"; sourceTree = "<group>"; };
		BB0BDEB3132022F700CD571A /* NSMutableURLRequest+OAuthAdditions.m */ = {isa = PBXFileReference; fileEncoding = 4; lastKnownFileType = sourcecode.c.objc; path = "NSMutableURLRequest+OAuthAdditions.m"; sourceTree = "<group>"; };
		BB0BDEB4132022F700CD571A /* NSString+OAuthAdditions.h */ = {isa = PBXFileReference; fileEncoding = 4; lastKnownFileType = sourcecode.c.h; path = "NSString+OAuthAdditions.h"; sourceTree = "<group>"; };
		BB0BDEB5132022F700CD571A /* NSString+OAuthAdditions.m */ = {isa = PBXFileReference; fileEncoding = 4; lastKnownFileType = sourcecode.c.objc; path = "NSString+OAuthAdditions.m"; sourceTree = "<group>"; };
		BB0BDEB6132022F700CD571A /* NSURL+OAuthAdditions.h */ = {isa = PBXFileReference; fileEncoding = 4; lastKnownFileType = sourcecode.c.h; path = "NSURL+OAuthAdditions.h"; sourceTree = "<group>"; };
		BB0BDEB7132022F700CD571A /* NSURL+OAuthAdditions.m */ = {isa = PBXFileReference; fileEncoding = 4; lastKnownFileType = sourcecode.c.objc; path = "NSURL+OAuthAdditions.m"; sourceTree = "<group>"; };
		BB0BDEB8132022F700CD571A /* OAuth.h */ = {isa = PBXFileReference; fileEncoding = 4; lastKnownFileType = sourcecode.c.h; path = OAuth.h; sourceTree = "<group>"; };
		BB0BDEB9132022F700CD571A /* OAuthConsumer.h */ = {isa = PBXFileReference; fileEncoding = 4; lastKnownFileType = sourcecode.c.h; path = OAuthConsumer.h; sourceTree = "<group>"; };
		BB0BDEBA132022F700CD571A /* OAuthConsumer.m */ = {isa = PBXFileReference; fileEncoding = 4; lastKnownFileType = sourcecode.c.objc; path = OAuthConsumer.m; sourceTree = "<group>"; };
		BB0BDEBB132022F700CD571A /* OAuthParameter.h */ = {isa = PBXFileReference; fileEncoding = 4; lastKnownFileType = sourcecode.c.h; path = OAuthParameter.h; sourceTree = "<group>"; };
		BB0BDEBC132022F700CD571A /* OAuthParameter.m */ = {isa = PBXFileReference; fileEncoding = 4; lastKnownFileType = sourcecode.c.objc; path = OAuthParameter.m; sourceTree = "<group>"; };
		BB0BDEBD132022F700CD571A /* OAuthRequest.h */ = {isa = PBXFileReference; fileEncoding = 4; lastKnownFileType = sourcecode.c.h; path = OAuthRequest.h; sourceTree = "<group>"; };
		BB0BDEBE132022F700CD571A /* OAuthRequest.m */ = {isa = PBXFileReference; fileEncoding = 4; lastKnownFileType = sourcecode.c.objc; path = OAuthRequest.m; sourceTree = "<group>"; };
		BB0BDEBF132022F700CD571A /* OAuthRequestFetcher.h */ = {isa = PBXFileReference; fileEncoding = 4; lastKnownFileType = sourcecode.c.h; path = OAuthRequestFetcher.h; sourceTree = "<group>"; };
		BB0BDEC0132022F700CD571A /* OAuthRequestFetcher.m */ = {isa = PBXFileReference; fileEncoding = 4; lastKnownFileType = sourcecode.c.objc; path = OAuthRequestFetcher.m; sourceTree = "<group>"; };
		BB0BDEC1132022F700CD571A /* OAuthSignerHMAC.h */ = {isa = PBXFileReference; fileEncoding = 4; lastKnownFileType = sourcecode.c.h; path = OAuthSignerHMAC.h; sourceTree = "<group>"; };
		BB0BDEC2132022F700CD571A /* OAuthSignerHMAC.m */ = {isa = PBXFileReference; fileEncoding = 4; lastKnownFileType = sourcecode.c.objc; path = OAuthSignerHMAC.m; sourceTree = "<group>"; };
		BB0BDEC3132022F700CD571A /* OAuthSignerProtocol.h */ = {isa = PBXFileReference; fileEncoding = 4; lastKnownFileType = sourcecode.c.h; path = OAuthSignerProtocol.h; sourceTree = "<group>"; };
		BB0BDEC4132022F700CD571A /* OAuthToken.h */ = {isa = PBXFileReference; fileEncoding = 4; lastKnownFileType = sourcecode.c.h; path = OAuthToken.h; sourceTree = "<group>"; };
		BB0BDEC5132022F700CD571A /* OAuthToken.m */ = {isa = PBXFileReference; fileEncoding = 4; lastKnownFileType = sourcecode.c.objc; path = OAuthToken.m; sourceTree = "<group>"; };
		BB0BDED1132023D700CD571A /* FlickrAPIResponse.h */ = {isa = PBXFileReference; fileEncoding = 4; lastKnownFileType = sourcecode.c.h; path = FlickrAPIResponse.h; sourceTree = "<group>"; };
		BB0BDED2132023D700CD571A /* FlickrAPIResponse.m */ = {isa = PBXFileReference; fileEncoding = 4; lastKnownFileType = sourcecode.c.objc; path = FlickrAPIResponse.m; sourceTree = "<group>"; };
		BB31BA6B130FF2BE009A9026 /* apiKey.h */ = {isa = PBXFileReference; fileEncoding = 4; lastKnownFileType = sourcecode.c.h; path = apiKey.h; sourceTree = "<group>"; };
/* End PBXFileReference section */

/* Begin PBXFrameworksBuildPhase section */
		BB031FC2130BD77700350873 /* Frameworks */ = {
			isa = PBXFrameworksBuildPhase;
			buildActionMask = 2147483647;
			files = (
				BB031FCA130BD77800350873 /* Cocoa.framework in Frameworks */,
			);
			runOnlyForDeploymentPostprocessing = 0;
		};
/* End PBXFrameworksBuildPhase section */

/* Begin PBXGroup section */
		BB031FBA130BD77700350873 = {
			isa = PBXGroup;
			children = (
				BB031FCF130BD77800350873 /* Source */,
				BB031FC8130BD77800350873 /* Frameworks */,
				BB031FC6130BD77800350873 /* Products */,
			);
			sourceTree = "<group>";
		};
		BB031FC6130BD77800350873 /* Products */ = {
			isa = PBXGroup;
			children = (
				BB031FC5130BD77800350873 /* FlickrLinks.app */,
			);
			name = Products;
			sourceTree = "<group>";
		};
		BB031FC8130BD77800350873 /* Frameworks */ = {
			isa = PBXGroup;
			children = (
				BB031FC9130BD77800350873 /* Cocoa.framework */,
				BB031FCB130BD77800350873 /* Other Frameworks */,
			);
			name = Frameworks;
			sourceTree = "<group>";
		};
		BB031FCB130BD77800350873 /* Other Frameworks */ = {
			isa = PBXGroup;
			children = (
				BB031FCC130BD77800350873 /* AppKit.framework */,
				BB031FCD130BD77800350873 /* CoreData.framework */,
				BB031FCE130BD77800350873 /* Foundation.framework */,
			);
			name = "Other Frameworks";
			sourceTree = "<group>";
		};
		BB031FCF130BD77800350873 /* Source */ = {
			isa = PBXGroup;
			children = (
				BB0BDEAD132022F700CD571A /* OAuth */,
				BB0BDEAC1320229F00CD571A /* Flickr */,
				BB031FE6130BDB2B00350873 /* FlickrLinksController.h */,
				BB031FE7130BDB2B00350873 /* FlickrLinksController.m */,
				BB031FDB130BD77800350873 /* FlickrLinksAppDelegate.h */,
				BB031FDC130BD77800350873 /* FlickrLinksAppDelegate.m */,
				BB031FDE130BD77800350873 /* MainMenu.xib */,
				BB031FD0130BD77800350873 /* Supporting Files */,
			);
			path = Source;
			sourceTree = "<group>";
		};
		BB031FD0130BD77800350873 /* Supporting Files */ = {
			isa = PBXGroup;
			children = (
				BB31BA6B130FF2BE009A9026 /* apiKey.h */,
				BB031FD1130BD77800350873 /* FlickrLinks-Info.plist */,
				BB031FD2130BD77800350873 /* InfoPlist.strings */,
				BB031FD5130BD77800350873 /* FlickrLinks-Prefix.pch */,
				BB031FD6130BD77800350873 /* main.m */,
				BB031FD8130BD77800350873 /* Credits.rtf */,
			);
			name = "Supporting Files";
			sourceTree = "<group>";
		};
		BB0BDEAC1320229F00CD571A /* Flickr */ = {
			isa = PBXGroup;
			children = (
				BB0BDED1132023D700CD571A /* FlickrAPIResponse.h */,
				BB0BDED2132023D700CD571A /* FlickrAPIResponse.m */,
				BB031FEF130BDB8B00350873 /* FlickrPhoto.h */,
				BB031FF0130BDB8B00350873 /* FlickrPhoto.m */,
			);
			path = Flickr;
			sourceTree = "<group>";
		};
		BB0BDEAD132022F700CD571A /* OAuth */ = {
			isa = PBXGroup;
			children = (
				BB0BDEAE132022F700CD571A /* NSData+Base64.h */,
				BB0BDEAF132022F700CD571A /* NSData+Base64.m */,
				BB0BDEB0132022F700CD571A /* NSDictionary+OAuthAdditions.h */,
				BB0BDEB1132022F700CD571A /* NSDictionary+OAuthAdditions.m */,
				BB0BDEB2132022F700CD571A /* NSMutableURLRequest+OAuthAdditions.h */,
				BB0BDEB3132022F700CD571A /* NSMutableURLRequest+OAuthAdditions.m */,
				BB0BDEB4132022F700CD571A /* NSString+OAuthAdditions.h */,
				BB0BDEB5132022F700CD571A /* NSString+OAuthAdditions.m */,
				BB0BDEB6132022F700CD571A /* NSURL+OAuthAdditions.h */,
				BB0BDEB7132022F700CD571A /* NSURL+OAuthAdditions.m */,
				BB0BDEB8132022F700CD571A /* OAuth.h */,
				BB0BDEB9132022F700CD571A /* OAuthConsumer.h */,
				BB0BDEBA132022F700CD571A /* OAuthConsumer.m */,
				BB0BDEBB132022F700CD571A /* OAuthParameter.h */,
				BB0BDEBC132022F700CD571A /* OAuthParameter.m */,
				BB0BDEBD132022F700CD571A /* OAuthRequest.h */,
				BB0BDEBE132022F700CD571A /* OAuthRequest.m */,
				BB0BDEBF132022F700CD571A /* OAuthRequestFetcher.h */,
				BB0BDEC0132022F700CD571A /* OAuthRequestFetcher.m */,
				BB0BDEC1132022F700CD571A /* OAuthSignerHMAC.h */,
				BB0BDEC2132022F700CD571A /* OAuthSignerHMAC.m */,
				BB0BDEC3132022F700CD571A /* OAuthSignerProtocol.h */,
				BB0BDEC4132022F700CD571A /* OAuthToken.h */,
				BB0BDEC5132022F700CD571A /* OAuthToken.m */,
			);
			path = OAuth;
			sourceTree = "<group>";
		};
/* End PBXGroup section */

/* Begin PBXNativeTarget section */
		BB031FC4130BD77700350873 /* FlickrLinks */ = {
			isa = PBXNativeTarget;
			buildConfigurationList = BB031FE3130BD77800350873 /* Build configuration list for PBXNativeTarget "FlickrLinks" */;
			buildPhases = (
				BB031FC1130BD77700350873 /* Sources */,
				BB031FC2130BD77700350873 /* Frameworks */,
				BB031FC3130BD77700350873 /* Resources */,
			);
			buildRules = (
			);
			dependencies = (
			);
			name = FlickrLinks;
			productName = FlickrLinks;
			productReference = BB031FC5130BD77800350873 /* FlickrLinks.app */;
			productType = "com.apple.product-type.application";
		};
/* End PBXNativeTarget section */

/* Begin PBXProject section */
		BB031FBC130BD77700350873 /* Project object */ = {
			isa = PBXProject;
			attributes = {
				ORGANIZATIONNAME = "Bühler AG";
			};
			buildConfigurationList = BB031FBF130BD77700350873 /* Build configuration list for PBXProject "FlickrLinks" */;
			compatibilityVersion = "Xcode 3.2";
			developmentRegion = English;
			hasScannedForEncodings = 0;
			knownRegions = (
				en,
			);
			mainGroup = BB031FBA130BD77700350873;
			productRefGroup = BB031FC6130BD77800350873 /* Products */;
			projectDirPath = "";
			projectRoot = "";
			targets = (
				BB031FC4130BD77700350873 /* FlickrLinks */,
			);
		};
/* End PBXProject section */

/* Begin PBXResourcesBuildPhase section */
		BB031FC3130BD77700350873 /* Resources */ = {
			isa = PBXResourcesBuildPhase;
			buildActionMask = 2147483647;
			files = (
				BB031FD4130BD77800350873 /* InfoPlist.strings in Resources */,
				BB031FDA130BD77800350873 /* Credits.rtf in Resources */,
				BB031FE0130BD77800350873 /* MainMenu.xib in Resources */,
			);
			runOnlyForDeploymentPostprocessing = 0;
		};
/* End PBXResourcesBuildPhase section */

/* Begin PBXSourcesBuildPhase section */
		BB031FC1130BD77700350873 /* Sources */ = {
			isa = PBXSourcesBuildPhase;
			buildActionMask = 2147483647;
			files = (
				BB031FD7130BD77800350873 /* main.m in Sources */,
				BB031FDD130BD77800350873 /* FlickrLinksAppDelegate.m in Sources */,
				BB031FE8130BDB2B00350873 /* FlickrLinksController.m in Sources */,
				BB031FF1130BDB8B00350873 /* FlickrPhoto.m in Sources */,
				BB0BDEC6132022F700CD571A /* NSData+Base64.m in Sources */,
				BB0BDEC7132022F700CD571A /* NSDictionary+OAuthAdditions.m in Sources */,
				BB0BDEC8132022F700CD571A /* NSMutableURLRequest+OAuthAdditions.m in Sources */,
				BB0BDEC9132022F700CD571A /* NSString+OAuthAdditions.m in Sources */,
				BB0BDECA132022F700CD571A /* NSURL+OAuthAdditions.m in Sources */,
				BB0BDECB132022F700CD571A /* OAuthConsumer.m in Sources */,
				BB0BDECC132022F700CD571A /* OAuthParameter.m in Sources */,
				BB0BDECD132022F700CD571A /* OAuthRequest.m in Sources */,
				BB0BDECE132022F700CD571A /* OAuthRequestFetcher.m in Sources */,
				BB0BDECF132022F700CD571A /* OAuthSignerHMAC.m in Sources */,
				BB0BDED0132022F700CD571A /* OAuthToken.m in Sources */,
				BB0BDED3132023D700CD571A /* FlickrAPIResponse.m in Sources */,
			);
			runOnlyForDeploymentPostprocessing = 0;
		};
/* End PBXSourcesBuildPhase section */

/* Begin PBXVariantGroup section */
		BB031FD2130BD77800350873 /* InfoPlist.strings */ = {
			isa = PBXVariantGroup;
			children = (
				BB031FD3130BD77800350873 /* en */,
			);
			name = InfoPlist.strings;
			sourceTree = "<group>";
		};
		BB031FD8130BD77800350873 /* Credits.rtf */ = {
			isa = PBXVariantGroup;
			children = (
				BB031FD9130BD77800350873 /* en */,
			);
			name = Credits.rtf;
			sourceTree = "<group>";
		};
		BB031FDE130BD77800350873 /* MainMenu.xib */ = {
			isa = PBXVariantGroup;
			children = (
				BB031FDF130BD77800350873 /* en */,
			);
			name = MainMenu.xib;
			sourceTree = "<group>";
		};
/* End PBXVariantGroup section */

/* Begin XCBuildConfiguration section */
		BB031FE1130BD77800350873 /* Debug */ = {
			isa = XCBuildConfiguration;
			buildSettings = {
				ARCHS = "$(ARCHS_STANDARD_32_64_BIT)";
				GCC_C_LANGUAGE_STANDARD = gnu99;
				GCC_OPTIMIZATION_LEVEL = 0;
				GCC_PREPROCESSOR_DEFINITIONS = DEBUG;
				GCC_VERSION = com.apple.compilers.llvm.clang.1_0;
				GCC_WARN_64_TO_32_BIT_CONVERSION = YES;
				GCC_WARN_ABOUT_RETURN_TYPE = YES;
				GCC_WARN_UNUSED_VARIABLE = YES;
				MACOSX_DEPLOYMENT_TARGET = 10.6;
				ONLY_ACTIVE_ARCH = YES;
				SDKROOT = macosx;
			};
			name = Debug;
		};
		BB031FE2130BD77800350873 /* Release */ = {
			isa = XCBuildConfiguration;
			buildSettings = {
				ARCHS = "$(ARCHS_STANDARD_32_64_BIT)";
				GCC_C_LANGUAGE_STANDARD = gnu99;
				GCC_VERSION = com.apple.compilers.llvm.clang.1_0;
				GCC_WARN_64_TO_32_BIT_CONVERSION = YES;
				GCC_WARN_ABOUT_RETURN_TYPE = YES;
				GCC_WARN_UNUSED_VARIABLE = YES;
				MACOSX_DEPLOYMENT_TARGET = 10.6;
				SDKROOT = macosx;
			};
			name = Release;
		};
		BB031FE4130BD77800350873 /* Debug */ = {
			isa = XCBuildConfiguration;
			buildSettings = {
				ALWAYS_SEARCH_USER_PATHS = NO;
				COPY_PHASE_STRIP = NO;
				GCC_DYNAMIC_NO_PIC = NO;
				GCC_ENABLE_OBJC_EXCEPTIONS = YES;
				GCC_PRECOMPILE_PREFIX_HEADER = YES;
				GCC_PREFIX_HEADER = "Source/FlickrLinks-Prefix.pch";
				INFOPLIST_FILE = "Source/FlickrLinks-Info.plist";
				PRODUCT_NAME = "$(TARGET_NAME)";
				WRAPPER_EXTENSION = app;
			};
			name = Debug;
		};
		BB031FE5130BD77800350873 /* Release */ = {
			isa = XCBuildConfiguration;
			buildSettings = {
				ALWAYS_SEARCH_USER_PATHS = NO;
				COPY_PHASE_STRIP = YES;
				DEBUG_INFORMATION_FORMAT = "dwarf-with-dsym";
				GCC_ENABLE_OBJC_EXCEPTIONS = YES;
				GCC_PRECOMPILE_PREFIX_HEADER = YES;
				GCC_PREFIX_HEADER = "Source/FlickrLinks-Prefix.pch";
				INFOPLIST_FILE = "Source/FlickrLinks-Info.plist";
				PRODUCT_NAME = "$(TARGET_NAME)";
				WRAPPER_EXTENSION = app;
			};
			name = Release;
		};
/* End XCBuildConfiguration section */

/* Begin XCConfigurationList section */
		BB031FBF130BD77700350873 /* Build configuration list for PBXProject "FlickrLinks" */ = {
			isa = XCConfigurationList;
			buildConfigurations = (
				BB031FE1130BD77800350873 /* Debug */,
				BB031FE2130BD77800350873 /* Release */,
			);
			defaultConfigurationIsVisible = 0;
			defaultConfigurationName = Release;
		};
		BB031FE3130BD77800350873 /* Build configuration list for PBXNativeTarget "FlickrLinks" */ = {
			isa = XCConfigurationList;
			buildConfigurations = (
				BB031FE4130BD77800350873 /* Debug */,
				BB031FE5130BD77800350873 /* Release */,
			);
			defaultConfigurationIsVisible = 0;
			defaultConfigurationName = Release;
		};
/* End XCConfigurationList section */
	};
	rootObject = BB031FBC130BD77700350873 /* Project object */;
}
